
Microsoft Visual Studio Solution File, Format Version 12.00
# Visual Studio 15
VisualStudioVersion = 15.0.28307.539
MinimumVisualStudioVersion = 10.0.40219.1
Project("{FAE04EC0-301F-11D3-BF4B-00C04F79EFBC}") = "SchoolProject", "SchoolProject\SchoolProject.csproj", "{8C758605-84AD-456D-9264-5DD32859440C}"
EndProject
Global
	GlobalSection(SolutionConfigurationPlatforms) = preSolution
		Debug|Any CPU = Debug|Any CPU
		Release|Any CPU = Release|Any CPU
	EndGlobalSection
	GlobalSection(ProjectConfigurationPlatforms) = postSolution
		{8C758605-84AD-456D-9264-5DD32859440C}.Debug|Any CPU.ActiveCfg = Debug|Any CPU
		{8C758605-84AD-456D-9264-5DD32859440C}.Debug|Any CPU.Build.0 = Debug|Any CPU
		{8C758605-84AD-456D-9264-5DD32859440C}.Release|Any CPU.ActiveCfg = Release|Any CPU
		{8C758605-84AD-456D-9264-5DD32859440C}.Release|Any CPU.Build.0 = Release|Any CPU
	EndGlobalSection
	GlobalSection(SolutionProperties) = preSolution
		HideSolutionNode = FALSE
	EndGlobalSection
	GlobalSection(ExtensibilityGlobals) = postSolution
		SolutionGuid = {AEDDAE9A-F127-430E-8FBD-6CD558662624}
	EndGlobalSection
EndGlobal
